
Microsoft Visual Studio Solution File, Format Version 12.00
# Visual Studio Version 17
VisualStudioVersion = 17.6.33801.468
MinimumVisualStudioVersion = 10.0.40219.1
Project("{FAE04EC0-301F-11D3-BF4B-00C04F79EFBC}") = "Thread", "Thread\Thread.csproj", "{199E97F9-8312-4972-B679-D445101E840D}"
EndProject
Project("{FAE04EC0-301F-11D3-BF4B-00C04F79EFBC}") = "Thread02", "Thread02\Thread02.csproj", "{7034C52D-CBB0-41FA-96F6-7682B0CBEB75}"
EndProject
Project("{FAE04EC0-301F-11D3-BF4B-00C04F79EFBC}") = "Thread03", "Thread03\Thread03.csproj", "{B5118F52-7366-4FA5-BF38-1E58BCC71652}"
EndProject
Project("{FAE04EC0-301F-11D3-BF4B-00C04F79EFBC}") = "Thread Foreground", "Thread Foreground\Thread Foreground.csproj", "{735BF624-D8DE-4743-A2D6-B8CE2B13A3A2}"
EndProject
Project("{FAE04EC0-301F-11D3-BF4B-00C04F79EFBC}") = "Interrupt", "Interrupt\Interrupt.csproj", "{5A94AAFC-D50C-4EE7-9934-9E141283EE18}"
EndProject
Global
	GlobalSection(SolutionConfigurationPlatforms) = preSolution
		Debug|Any CPU = Debug|Any CPU
		Release|Any CPU = Release|Any CPU
	EndGlobalSection
	GlobalSection(ProjectConfigurationPlatforms) = postSolution
		{199E97F9-8312-4972-B679-D445101E840D}.Debug|Any CPU.ActiveCfg = Debug|Any CPU
		{199E97F9-8312-4972-B679-D445101E840D}.Debug|Any CPU.Build.0 = Debug|Any CPU
		{199E97F9-8312-4972-B679-D445101E840D}.Release|Any CPU.ActiveCfg = Release|Any CPU
		{199E97F9-8312-4972-B679-D445101E840D}.Release|Any CPU.Build.0 = Release|Any CPU
		{7034C52D-CBB0-41FA-96F6-7682B0CBEB75}.Debug|Any CPU.ActiveCfg = Debug|Any CPU
		{7034C52D-CBB0-41FA-96F6-7682B0CBEB75}.Debug|Any CPU.Build.0 = Debug|Any CPU
		{7034C52D-CBB0-41FA-96F6-7682B0CBEB75}.Release|Any CPU.ActiveCfg = Release|Any CPU
		{7034C52D-CBB0-41FA-96F6-7682B0CBEB75}.Release|Any CPU.Build.0 = Release|Any CPU
		{B5118F52-7366-4FA5-BF38-1E58BCC71652}.Debug|Any CPU.ActiveCfg = Debug|Any CPU
		{B5118F52-7366-4FA5-BF38-1E58BCC71652}.Debug|Any CPU.Build.0 = Debug|Any CPU
		{B5118F52-7366-4FA5-BF38-1E58BCC71652}.Release|Any CPU.ActiveCfg = Release|Any CPU
		{B5118F52-7366-4FA5-BF38-1E58BCC71652}.Release|Any CPU.Build.0 = Release|Any CPU
		{735BF624-D8DE-4743-A2D6-B8CE2B13A3A2}.Debug|Any CPU.ActiveCfg = Debug|Any CPU
		{735BF624-D8DE-4743-A2D6-B8CE2B13A3A2}.Debug|Any CPU.Build.0 = Debug|Any CPU
		{735BF624-D8DE-4743-A2D6-B8CE2B13A3A2}.Release|Any CPU.ActiveCfg = Release|Any CPU
		{735BF624-D8DE-4743-A2D6-B8CE2B13A3A2}.Release|Any CPU.Build.0 = Release|Any CPU
		{5A94AAFC-D50C-4EE7-9934-9E141283EE18}.Debug|Any CPU.ActiveCfg = Debug|Any CPU
		{5A94AAFC-D50C-4EE7-9934-9E141283EE18}.Debug|Any CPU.Build.0 = Debug|Any CPU
		{5A94AAFC-D50C-4EE7-9934-9E141283EE18}.Release|Any CPU.ActiveCfg = Release|Any CPU
		{5A94AAFC-D50C-4EE7-9934-9E141283EE18}.Release|Any CPU.Build.0 = Release|Any CPU
	EndGlobalSection
	GlobalSection(SolutionProperties) = preSolution
		HideSolutionNode = FALSE
	EndGlobalSection
	GlobalSection(ExtensibilityGlobals) = postSolution
		SolutionGuid = {4B63A1EA-1BDC-4760-8C00-D560015FBAD5}
	EndGlobalSection
EndGlobal
