
Microsoft Visual Studio Solution File, Format Version 12.00
# Visual Studio Version 17
VisualStudioVersion = 17.6.33801.468
MinimumVisualStudioVersion = 10.0.40219.1
Project("{FAE04EC0-301F-11D3-BF4B-00C04F79EFBC}") = "SoketTest", "SoketTest\SoketTest.csproj", "{77680675-10C5-42AD-B02A-9226CF60970D}"
EndProject
Project("{FAE04EC0-301F-11D3-BF4B-00C04F79EFBC}") = "SoketTest2", "SoketTest2\SoketTest2.csproj", "{C5D0D879-D8FB-460E-8A9D-FF0A6821B6D3}"
EndProject
Project("{FAE04EC0-301F-11D3-BF4B-00C04F79EFBC}") = "TcpClient01", "TcpClient01\TcpClient01.csproj", "{BC285D54-ED63-49FB-8A07-C26A3DDD1ED2}"
EndProject
Global
	GlobalSection(SolutionConfigurationPlatforms) = preSolution
		Debug|Any CPU = Debug|Any CPU
		Release|Any CPU = Release|Any CPU
	EndGlobalSection
	GlobalSection(ProjectConfigurationPlatforms) = postSolution
		{77680675-10C5-42AD-B02A-9226CF60970D}.Debug|Any CPU.ActiveCfg = Debug|Any CPU
		{77680675-10C5-42AD-B02A-9226CF60970D}.Debug|Any CPU.Build.0 = Debug|Any CPU
		{77680675-10C5-42AD-B02A-9226CF60970D}.Release|Any CPU.ActiveCfg = Release|Any CPU
		{77680675-10C5-42AD-B02A-9226CF60970D}.Release|Any CPU.Build.0 = Release|Any CPU
		{C5D0D879-D8FB-460E-8A9D-FF0A6821B6D3}.Debug|Any CPU.ActiveCfg = Debug|Any CPU
		{C5D0D879-D8FB-460E-8A9D-FF0A6821B6D3}.Debug|Any CPU.Build.0 = Debug|Any CPU
		{C5D0D879-D8FB-460E-8A9D-FF0A6821B6D3}.Release|Any CPU.ActiveCfg = Release|Any CPU
		{C5D0D879-D8FB-460E-8A9D-FF0A6821B6D3}.Release|Any CPU.Build.0 = Release|Any CPU
		{BC285D54-ED63-49FB-8A07-C26A3DDD1ED2}.Debug|Any CPU.ActiveCfg = Debug|Any CPU
		{BC285D54-ED63-49FB-8A07-C26A3DDD1ED2}.Debug|Any CPU.Build.0 = Debug|Any CPU
		{BC285D54-ED63-49FB-8A07-C26A3DDD1ED2}.Release|Any CPU.ActiveCfg = Release|Any CPU
		{BC285D54-ED63-49FB-8A07-C26A3DDD1ED2}.Release|Any CPU.Build.0 = Release|Any CPU
	EndGlobalSection
	GlobalSection(SolutionProperties) = preSolution
		HideSolutionNode = FALSE
	EndGlobalSection
	GlobalSection(ExtensibilityGlobals) = postSolution
		SolutionGuid = {5AF6FF38-D706-41A8-8072-68605731B5EB}
	EndGlobalSection
EndGlobal
